
Microsoft Visual Studio Solution File, Format Version 12.00
# Visual Studio Version 17
VisualStudioVersion = 17.0.31903.59
MinimumVisualStudioVersion = 10.0.40219.1
Project("{FAE04EC0-301F-11D3-BF4B-00C04F79EFBC}") = "SD_IKYS.Core", "SD_IKYS.Core\SD_IKYS.Core.csproj", "{509B4448-743A-49FF-ADCA-B1B2C9695347}"
EndProject
Project("{FAE04EC0-301F-11D3-BF4B-00C04F79EFBC}") = "SD_IKYS.Data", "SD_IKYS.Data\SD_IKYS.Data.csproj", "{92756B02-E81A-4364-B4CF-8E5E97628CE7}"
EndProject
Project("{FAE04EC0-301F-11D3-BF4B-00C04F79EFBC}") = "SD_IKYS.Business", "SD_IKYS.Business\SD_IKYS.Business.csproj", "{4ED9222A-D818-4F9C-B9FE-2A1F7F2EB43C}"
EndProject
Project("{FAE04EC0-301F-11D3-BF4B-00C04F79EFBC}") = "SD_IKYS.API", "SD_IKYS.API\SD_IKYS.API.csproj", "{E843670D-24D9-4CC7-B812-DE03F014B657}"
EndProject
Project("{FAE04EC0-301F-11D3-BF4B-00C04F79EFBC}") = "SD_IKYS.Web", "SD_IKYS.Web\SD_IKYS.Web.csproj", "{E0363C83-70D5-48B4-9AC5-213A49588FD8}"
EndProject
Global
	GlobalSection(SolutionConfigurationPlatforms) = preSolution
		Debug|Any CPU = Debug|Any CPU
		Debug|x64 = Debug|x64
		Debug|x86 = Debug|x86
		Release|Any CPU = Release|Any CPU
		Release|x64 = Release|x64
		Release|x86 = Release|x86
	EndGlobalSection
	GlobalSection(ProjectConfigurationPlatforms) = postSolution
		{509B4448-743A-49FF-ADCA-B1B2C9695347}.Debug|Any CPU.ActiveCfg = Debug|Any CPU
		{509B4448-743A-49FF-ADCA-B1B2C9695347}.Debug|Any CPU.Build.0 = Debug|Any CPU
		{509B4448-743A-49FF-ADCA-B1B2C9695347}.Debug|x64.ActiveCfg = Debug|Any CPU
		{509B4448-743A-49FF-ADCA-B1B2C9695347}.Debug|x64.Build.0 = Debug|Any CPU
		{509B4448-743A-49FF-ADCA-B1B2C9695347}.Debug|x86.ActiveCfg = Debug|Any CPU
		{509B4448-743A-49FF-ADCA-B1B2C9695347}.Debug|x86.Build.0 = Debug|Any CPU
		{509B4448-743A-49FF-ADCA-B1B2C9695347}.Release|Any CPU.ActiveCfg = Release|Any CPU
		{509B4448-743A-49FF-ADCA-B1B2C9695347}.Release|Any CPU.Build.0 = Release|Any CPU
		{509B4448-743A-49FF-ADCA-B1B2C9695347}.Release|x64.ActiveCfg = Release|Any CPU
		{509B4448-743A-49FF-ADCA-B1B2C9695347}.Release|x64.Build.0 = Release|Any CPU
		{509B4448-743A-49FF-ADCA-B1B2C9695347}.Release|x86.ActiveCfg = Release|Any CPU
		{509B4448-743A-49FF-ADCA-B1B2C9695347}.Release|x86.Build.0 = Release|Any CPU
		{92756B02-E81A-4364-B4CF-8E5E97628CE7}.Debug|Any CPU.ActiveCfg = Debug|Any CPU
		{92756B02-E81A-4364-B4CF-8E5E97628CE7}.Debug|Any CPU.Build.0 = Debug|Any CPU
		{92756B02-E81A-4364-B4CF-8E5E97628CE7}.Debug|x64.ActiveCfg = Debug|Any CPU
		{92756B02-E81A-4364-B4CF-8E5E97628CE7}.Debug|x64.Build.0 = Debug|Any CPU
		{92756B02-E81A-4364-B4CF-8E5E97628CE7}.Debug|x86.ActiveCfg = Debug|Any CPU
		{92756B02-E81A-4364-B4CF-8E5E97628CE7}.Debug|x86.Build.0 = Debug|Any CPU
		{92756B02-E81A-4364-B4CF-8E5E97628CE7}.Release|Any CPU.ActiveCfg = Release|Any CPU
		{92756B02-E81A-4364-B4CF-8E5E97628CE7}.Release|Any CPU.Build.0 = Release|Any CPU
		{92756B02-E81A-4364-B4CF-8E5E97628CE7}.Release|x64.ActiveCfg = Release|Any CPU
		{92756B02-E81A-4364-B4CF-8E5E97628CE7}.Release|x64.Build.0 = Release|Any CPU
		{92756B02-E81A-4364-B4CF-8E5E97628CE7}.Release|x86.ActiveCfg = Release|Any CPU
		{92756B02-E81A-4364-B4CF-8E5E97628CE7}.Release|x86.Build.0 = Release|Any CPU
		{4ED9222A-D818-4F9C-B9FE-2A1F7F2EB43C}.Debug|Any CPU.ActiveCfg = Debug|Any CPU
		{4ED9222A-D818-4F9C-B9FE-2A1F7F2EB43C}.Debug|Any CPU.Build.0 = Debug|Any CPU
		{4ED9222A-D818-4F9C-B9FE-2A1F7F2EB43C}.Debug|x64.ActiveCfg = Debug|Any CPU
		{4ED9222A-D818-4F9C-B9FE-2A1F7F2EB43C}.Debug|x64.Build.0 = Debug|Any CPU
		{4ED9222A-D818-4F9C-B9FE-2A1F7F2EB43C}.Debug|x86.ActiveCfg = Debug|Any CPU
		{4ED9222A-D818-4F9C-B9FE-2A1F7F2EB43C}.Debug|x86.Build.0 = Debug|Any CPU
		{4ED9222A-D818-4F9C-B9FE-2A1F7F2EB43C}.Release|Any CPU.ActiveCfg = Release|Any CPU
		{4ED9222A-D818-4F9C-B9FE-2A1F7F2EB43C}.Release|Any CPU.Build.0 = Release|Any CPU
		{4ED9222A-D818-4F9C-B9FE-2A1F7F2EB43C}.Release|x64.ActiveCfg = Release|Any CPU
		{4ED9222A-D818-4F9C-B9FE-2A1F7F2EB43C}.Release|x64.Build.0 = Release|Any CPU
		{4ED9222A-D818-4F9C-B9FE-2A1F7F2EB43C}.Release|x86.ActiveCfg = Release|Any CPU
		{4ED9222A-D818-4F9C-B9FE-2A1F7F2EB43C}.Release|x86.Build.0 = Release|Any CPU
		{E843670D-24D9-4CC7-B812-DE03F014B657}.Debug|Any CPU.ActiveCfg = Debug|Any CPU
		{E843670D-24D9-4CC7-B812-DE03F014B657}.Debug|Any CPU.Build.0 = Debug|Any CPU
		{E843670D-24D9-4CC7-B812-DE03F014B657}.Debug|x64.ActiveCfg = Debug|Any CPU
		{E843670D-24D9-4CC7-B812-DE03F014B657}.Debug|x64.Build.0 = Debug|Any CPU
		{E843670D-24D9-4CC7-B812-DE03F014B657}.Debug|x86.ActiveCfg = Debug|Any CPU
		{E843670D-24D9-4CC7-B812-DE03F014B657}.Debug|x86.Build.0 = Debug|Any CPU
		{E843670D-24D9-4CC7-B812-DE03F014B657}.Release|Any CPU.ActiveCfg = Release|Any CPU
		{E843670D-24D9-4CC7-B812-DE03F014B657}.Release|Any CPU.Build.0 = Release|Any CPU
		{E843670D-24D9-4CC7-B812-DE03F014B657}.Release|x64.ActiveCfg = Release|Any CPU
		{E843670D-24D9-4CC7-B812-DE03F014B657}.Release|x64.Build.0 = Release|Any CPU
		{E843670D-24D9-4CC7-B812-DE03F014B657}.Release|x86.ActiveCfg = Release|Any CPU
		{E843670D-24D9-4CC7-B812-DE03F014B657}.Release|x86.Build.0 = Release|Any CPU
		{E0363C83-70D5-48B4-9AC5-213A49588FD8}.Debug|Any CPU.ActiveCfg = Debug|Any CPU
		{E0363C83-70D5-48B4-9AC5-213A49588FD8}.Debug|Any CPU.Build.0 = Debug|Any CPU
		{E0363C83-70D5-48B4-9AC5-213A49588FD8}.Debug|x64.ActiveCfg = Debug|Any CPU
		{E0363C83-70D5-48B4-9AC5-213A49588FD8}.Debug|x64.Build.0 = Debug|Any CPU
		{E0363C83-70D5-48B4-9AC5-213A49588FD8}.Debug|x86.ActiveCfg = Debug|Any CPU
		{E0363C83-70D5-48B4-9AC5-213A49588FD8}.Debug|x86.Build.0 = Debug|Any CPU
		{E0363C83-70D5-48B4-9AC5-213A49588FD8}.Release|Any CPU.ActiveCfg = Release|Any CPU
		{E0363C83-70D5-48B4-9AC5-213A49588FD8}.Release|Any CPU.Build.0 = Release|Any CPU
		{E0363C83-70D5-48B4-9AC5-213A49588FD8}.Release|x64.ActiveCfg = Release|Any CPU
		{E0363C83-70D5-48B4-9AC5-213A49588FD8}.Release|x64.Build.0 = Release|Any CPU
		{E0363C83-70D5-48B4-9AC5-213A49588FD8}.Release|x86.ActiveCfg = Release|Any CPU
		{E0363C83-70D5-48B4-9AC5-213A49588FD8}.Release|x86.Build.0 = Release|Any CPU
	EndGlobalSection
	GlobalSection(SolutionProperties) = preSolution
		HideSolutionNode = FALSE
	EndGlobalSection
EndGlobal
